
Microsoft Visual Studio Solution File, Format Version 12.00
# Visual Studio Version 17
VisualStudioVersion = 17.8.34309.116
MinimumVisualStudioVersion = 10.0.40219.1
Project("{FAE04EC0-301F-11D3-BF4B-00C04F79EFBC}") = "lab02", "lab02.csproj", "{CA08643A-14FB-4609-956D-DDAEF17C05B8}"
EndProject
Global
	GlobalSection(SolutionConfigurationPlatforms) = preSolution
		Debug|Any CPU = Debug|Any CPU
		Release|Any CPU = Release|Any CPU
	EndGlobalSection
	GlobalSection(ProjectConfigurationPlatforms) = postSolution
		{CA08643A-14FB-4609-956D-DDAEF17C05B8}.Debug|Any CPU.ActiveCfg = Debug|Any CPU
		{CA08643A-14FB-4609-956D-DDAEF17C05B8}.Debug|Any CPU.Build.0 = Debug|Any CPU
		{CA08643A-14FB-4609-956D-DDAEF17C05B8}.Release|Any CPU.ActiveCfg = Release|Any CPU
		{CA08643A-14FB-4609-956D-DDAEF17C05B8}.Release|Any CPU.Build.0 = Release|Any CPU
	EndGlobalSection
	GlobalSection(SolutionProperties) = preSolution
		HideSolutionNode = FALSE
	EndGlobalSection
	GlobalSection(ExtensibilityGlobals) = postSolution
		SolutionGuid = {7093E999-F676-47FB-A942-3CF2FF173ACA}
	EndGlobalSection
EndGlobal
